
Microsoft Visual Studio Solution File, Format Version 12.00
# Visual Studio Version 16
VisualStudioVersion = 16.0.29409.12
MinimumVisualStudioVersion = 10.0.40219.1
Project("{9A19103F-16F7-4668-BE54-9A1E7A4F7556}") = "InfoValutarDOS", "InfoValutarDOS\InfoValutarDOS.csproj", "{5970AD2A-6D01-434C-9F3D-69A32C9E9F47}"
	ProjectSection(ProjectDependencies) = postProject
		{B7F9147E-3044-40E1-95F5-156928DE54FD} = {B7F9147E-3044-40E1-95F5-156928DE54FD}
		{4FB65E85-8E76-43D4-A401-61BE150513CC} = {4FB65E85-8E76-43D4-A401-61BE150513CC}
	EndProjectSection
EndProject
Project("{9A19103F-16F7-4668-BE54-9A1E7A4F7556}") = "InfoValutarShared", "InfoValutarShared\InfoValutarShared.csproj", "{9614EE27-D460-40C9-B4B4-8104E7FB1288}"
EndProject
Project("{9A19103F-16F7-4668-BE54-9A1E7A4F7556}") = "InfovalutarTest", "InfovalutarTest\InfovalutarTest.csproj", "{44AD9504-F9CE-46DC-A8E9-760DC1C51DC9}"
EndProject
Project("{9A19103F-16F7-4668-BE54-9A1E7A4F7556}") = "InfoValutarNBR", "InfoValutarNBR\InfoValutarNBR.csproj", "{B7F9147E-3044-40E1-95F5-156928DE54FD}"
EndProject
Project("{9A19103F-16F7-4668-BE54-9A1E7A4F7556}") = "InfoValutarECB", "InfoValutarECB\InfoValutarECB.csproj", "{4FB65E85-8E76-43D4-A401-61BE150513CC}"
EndProject
Project("{9A19103F-16F7-4668-BE54-9A1E7A4F7556}") = "InfoValutarLoadingLibs", "InfoValutarLoadingLibs\InfoValutarLoadingLibs.csproj", "{6117C0D1-C4A1-456B-BAAF-DEF64E2700BC}"
EndProject
Project("{9A19103F-16F7-4668-BE54-9A1E7A4F7556}") = "InfoValutarWebAPI", "InfoValutarWebAPI\InfoValutarWebAPI.csproj", "{5C14B0D5-F53C-49D1-A09F-7BE048CB7664}"
	ProjectSection(ProjectDependencies) = postProject
		{B7F9147E-3044-40E1-95F5-156928DE54FD} = {B7F9147E-3044-40E1-95F5-156928DE54FD}
		{4FB65E85-8E76-43D4-A401-61BE150513CC} = {4FB65E85-8E76-43D4-A401-61BE150513CC}
	EndProjectSection
EndProject
Project("{9A19103F-16F7-4668-BE54-9A1E7A4F7556}") = "InfoValutarPluginStarter", "InfoValutarPluginStarter\InfoValutarPluginStarter.csproj", "{E25A5C92-998A-4D6D-9C69-2A7D78B24EFC}"
EndProject
Project("{9A19103F-16F7-4668-BE54-9A1E7A4F7556}") = "InfovalutarDB", "InfovalutarDB\InfovalutarDB.csproj", "{C7AB302D-1DC4-46F5-8ADC-5DDE68473301}"
EndProject
Project("{FAE04EC0-301F-11D3-BF4B-00C04F79EFBC}") = "InfovalutarLoadAndSave", "InfovalutarLoadAndSave\InfovalutarLoadAndSave.csproj", "{7C952200-4095-443C-93CF-7FA29040EF77}"
EndProject
Global
	GlobalSection(SolutionConfigurationPlatforms) = preSolution
		Debug|Any CPU = Debug|Any CPU
		Release|Any CPU = Release|Any CPU
	EndGlobalSection
	GlobalSection(ProjectConfigurationPlatforms) = postSolution
		{5970AD2A-6D01-434C-9F3D-69A32C9E9F47}.Debug|Any CPU.ActiveCfg = Debug|Any CPU
		{5970AD2A-6D01-434C-9F3D-69A32C9E9F47}.Debug|Any CPU.Build.0 = Debug|Any CPU
		{5970AD2A-6D01-434C-9F3D-69A32C9E9F47}.Release|Any CPU.ActiveCfg = Release|Any CPU
		{5970AD2A-6D01-434C-9F3D-69A32C9E9F47}.Release|Any CPU.Build.0 = Release|Any CPU
		{9614EE27-D460-40C9-B4B4-8104E7FB1288}.Debug|Any CPU.ActiveCfg = Debug|Any CPU
		{9614EE27-D460-40C9-B4B4-8104E7FB1288}.Debug|Any CPU.Build.0 = Debug|Any CPU
		{9614EE27-D460-40C9-B4B4-8104E7FB1288}.Release|Any CPU.ActiveCfg = Release|Any CPU
		{9614EE27-D460-40C9-B4B4-8104E7FB1288}.Release|Any CPU.Build.0 = Release|Any CPU
		{44AD9504-F9CE-46DC-A8E9-760DC1C51DC9}.Debug|Any CPU.ActiveCfg = Debug|Any CPU
		{44AD9504-F9CE-46DC-A8E9-760DC1C51DC9}.Debug|Any CPU.Build.0 = Debug|Any CPU
		{44AD9504-F9CE-46DC-A8E9-760DC1C51DC9}.Release|Any CPU.ActiveCfg = Release|Any CPU
		{44AD9504-F9CE-46DC-A8E9-760DC1C51DC9}.Release|Any CPU.Build.0 = Release|Any CPU
		{B7F9147E-3044-40E1-95F5-156928DE54FD}.Debug|Any CPU.ActiveCfg = Debug|Any CPU
		{B7F9147E-3044-40E1-95F5-156928DE54FD}.Debug|Any CPU.Build.0 = Debug|Any CPU
		{B7F9147E-3044-40E1-95F5-156928DE54FD}.Release|Any CPU.ActiveCfg = Release|Any CPU
		{B7F9147E-3044-40E1-95F5-156928DE54FD}.Release|Any CPU.Build.0 = Release|Any CPU
		{4FB65E85-8E76-43D4-A401-61BE150513CC}.Debug|Any CPU.ActiveCfg = Debug|Any CPU
		{4FB65E85-8E76-43D4-A401-61BE150513CC}.Debug|Any CPU.Build.0 = Debug|Any CPU
		{4FB65E85-8E76-43D4-A401-61BE150513CC}.Release|Any CPU.ActiveCfg = Release|Any CPU
		{4FB65E85-8E76-43D4-A401-61BE150513CC}.Release|Any CPU.Build.0 = Release|Any CPU
		{6117C0D1-C4A1-456B-BAAF-DEF64E2700BC}.Debug|Any CPU.ActiveCfg = Debug|Any CPU
		{6117C0D1-C4A1-456B-BAAF-DEF64E2700BC}.Debug|Any CPU.Build.0 = Debug|Any CPU
		{6117C0D1-C4A1-456B-BAAF-DEF64E2700BC}.Release|Any CPU.ActiveCfg = Release|Any CPU
		{6117C0D1-C4A1-456B-BAAF-DEF64E2700BC}.Release|Any CPU.Build.0 = Release|Any CPU
		{5C14B0D5-F53C-49D1-A09F-7BE048CB7664}.Debug|Any CPU.ActiveCfg = Debug|Any CPU
		{5C14B0D5-F53C-49D1-A09F-7BE048CB7664}.Debug|Any CPU.Build.0 = Debug|Any CPU
		{5C14B0D5-F53C-49D1-A09F-7BE048CB7664}.Release|Any CPU.ActiveCfg = Release|Any CPU
		{5C14B0D5-F53C-49D1-A09F-7BE048CB7664}.Release|Any CPU.Build.0 = Release|Any CPU
		{E25A5C92-998A-4D6D-9C69-2A7D78B24EFC}.Debug|Any CPU.ActiveCfg = Debug|Any CPU
		{E25A5C92-998A-4D6D-9C69-2A7D78B24EFC}.Debug|Any CPU.Build.0 = Debug|Any CPU
		{E25A5C92-998A-4D6D-9C69-2A7D78B24EFC}.Release|Any CPU.ActiveCfg = Release|Any CPU
		{E25A5C92-998A-4D6D-9C69-2A7D78B24EFC}.Release|Any CPU.Build.0 = Release|Any CPU
		{C7AB302D-1DC4-46F5-8ADC-5DDE68473301}.Debug|Any CPU.ActiveCfg = Debug|Any CPU
		{C7AB302D-1DC4-46F5-8ADC-5DDE68473301}.Debug|Any CPU.Build.0 = Debug|Any CPU
		{C7AB302D-1DC4-46F5-8ADC-5DDE68473301}.Release|Any CPU.ActiveCfg = Release|Any CPU
		{C7AB302D-1DC4-46F5-8ADC-5DDE68473301}.Release|Any CPU.Build.0 = Release|Any CPU
		{7C952200-4095-443C-93CF-7FA29040EF77}.Debug|Any CPU.ActiveCfg = Debug|Any CPU
		{7C952200-4095-443C-93CF-7FA29040EF77}.Debug|Any CPU.Build.0 = Debug|Any CPU
		{7C952200-4095-443C-93CF-7FA29040EF77}.Release|Any CPU.ActiveCfg = Release|Any CPU
		{7C952200-4095-443C-93CF-7FA29040EF77}.Release|Any CPU.Build.0 = Release|Any CPU
	EndGlobalSection
	GlobalSection(SolutionProperties) = preSolution
		HideSolutionNode = FALSE
	EndGlobalSection
	GlobalSection(ExtensibilityGlobals) = postSolution
		SolutionGuid = {0C7E3651-2F91-4183-AAFE-2018AE4923AF}
	EndGlobalSection
EndGlobal
